# This file is autogenerated, do not edit; changes may be undone by the next 'dep ensure'.


[[projects]]
  branch = "master"
  name = "github.com/thanhpk/baseconv"
  packages = ["."]
  revision = "758d96e93935b542e8d1b72a6d1a5e2b7479921a"

[[projects]]
  name = "github.com/thanhpk/randstr"
  packages = ["."]
  revision = "6d99cbb86c31ca5989281c64d105de7914c28fd2"
  version = "v1.0.0"

[solve-meta]
  analyzer-name = "dep"
  analyzer-version = 1
  inputs-digest = "582b1705659f6c28ace535cc2182a612ca72665fc339d95f5dac64fe40e1872f"
  solver-name = "gps-cdcl"
  solver-version = 1
