# This file is autogenerated, do not edit; changes may be undone by the next 'dep ensure'.


[[projects]]
  branch = "master"
  name = "github.com/thanhpk/baseconv"
  packages = ["."]
  revision = "758d96e93935b542e8d1b72a6d1a5e2b7479921a"

[[projects]]
  branch = "master"
  name = "github.com/thanhpk/randstr"
  packages = ["."]
  revision = "54b72d72edea0f7ab8190b89c94237730dc6828b"

[solve-meta]
  analyzer-name = "dep"
  analyzer-version = 1
  inputs-digest = "bdf6414c254d844e802335c62038d95d2936b176678a874a15ed5b11dbdbb98f"
  solver-name = "gps-cdcl"
  solver-version = 1
