# This file is autogenerated, do not edit; changes may be undone by the next 'dep ensure'.


[[projects]]
  branch = "master"
  digest = "1:75d447ee7c6dfa97f31adfb4f03ce64edfbac3b5b92cebaee708c590d7069ee8"
  name = "github.com/thanhpk/baseconv"
  packages = ["."]
  pruneopts = "UT"
  revision = "758d96e93935b542e8d1b72a6d1a5e2b7479921a"

[[projects]]
  branch = "master"
  digest = "1:9dbea6ebdf1ee47d6e408601ea2457eda8a5eef4dd2db206fcbaa8a96271d244"
  name = "github.com/thanhpk/randstr"
  packages = ["."]
  pruneopts = "UT"
  revision = "c5a0f26468db1b2f953bd3e2364a8af3105cfd2e"

[solve-meta]
  analyzer-name = "dep"
  analyzer-version = 1
  input-imports = [
    "github.com/thanhpk/baseconv",
    "github.com/thanhpk/randstr",
  ]
  solver-name = "gps-cdcl"
  solver-version = 1
